
Microsoft Visual Studio Solution File, Format Version 12.00
# Visual Studio Version 16
VisualStudioVersion = 16.0.29001.49
MinimumVisualStudioVersion = 10.0.40219.1
Project("{FAE04EC0-301F-11D3-BF4B-00C04F79EFBC}") = "TestWinLab", "TestWinLab\TestWinLab.csproj", "{49E05B6A-25AE-4623-89C6-5BA7A95191D9}"
EndProject
Project("{FAE04EC0-301F-11D3-BF4B-00C04F79EFBC}") = "FlowController", "FlowController\FlowController.csproj", "{410A9DC7-AD82-4674-B11F-99AE408B9566}"
EndProject
Project("{FAE04EC0-301F-11D3-BF4B-00C04F79EFBC}") = "FinchFlowController", "FinchFlowController\FinchFlowController.csproj", "{CBBEC5FD-C557-4544-BEA7-7D0089F4DEFC}"
EndProject
Project("{FAE04EC0-301F-11D3-BF4B-00C04F79EFBC}") = "SimInstCtrl", "SimInstCtrl\SimInstCtrl.csproj", "{7D9E9105-1283-4F2E-8D1F-A96E9465239C}"
EndProject
Global
	GlobalSection(SolutionConfigurationPlatforms) = preSolution
		Debug|Any CPU = Debug|Any CPU
		Release|Any CPU = Release|Any CPU
	EndGlobalSection
	GlobalSection(ProjectConfigurationPlatforms) = postSolution
		{49E05B6A-25AE-4623-89C6-5BA7A95191D9}.Debug|Any CPU.ActiveCfg = Debug|Any CPU
		{49E05B6A-25AE-4623-89C6-5BA7A95191D9}.Debug|Any CPU.Build.0 = Debug|Any CPU
		{49E05B6A-25AE-4623-89C6-5BA7A95191D9}.Release|Any CPU.ActiveCfg = Release|Any CPU
		{49E05B6A-25AE-4623-89C6-5BA7A95191D9}.Release|Any CPU.Build.0 = Release|Any CPU
		{410A9DC7-AD82-4674-B11F-99AE408B9566}.Debug|Any CPU.ActiveCfg = Debug|Any CPU
		{410A9DC7-AD82-4674-B11F-99AE408B9566}.Debug|Any CPU.Build.0 = Debug|Any CPU
		{410A9DC7-AD82-4674-B11F-99AE408B9566}.Release|Any CPU.ActiveCfg = Release|Any CPU
		{410A9DC7-AD82-4674-B11F-99AE408B9566}.Release|Any CPU.Build.0 = Release|Any CPU
		{CBBEC5FD-C557-4544-BEA7-7D0089F4DEFC}.Debug|Any CPU.ActiveCfg = Debug|Any CPU
		{CBBEC5FD-C557-4544-BEA7-7D0089F4DEFC}.Debug|Any CPU.Build.0 = Debug|Any CPU
		{CBBEC5FD-C557-4544-BEA7-7D0089F4DEFC}.Release|Any CPU.ActiveCfg = Release|Any CPU
		{CBBEC5FD-C557-4544-BEA7-7D0089F4DEFC}.Release|Any CPU.Build.0 = Release|Any CPU
		{7D9E9105-1283-4F2E-8D1F-A96E9465239C}.Debug|Any CPU.ActiveCfg = Debug|Any CPU
		{7D9E9105-1283-4F2E-8D1F-A96E9465239C}.Debug|Any CPU.Build.0 = Debug|Any CPU
		{7D9E9105-1283-4F2E-8D1F-A96E9465239C}.Release|Any CPU.ActiveCfg = Release|Any CPU
		{7D9E9105-1283-4F2E-8D1F-A96E9465239C}.Release|Any CPU.Build.0 = Release|Any CPU
	EndGlobalSection
	GlobalSection(SolutionProperties) = preSolution
		HideSolutionNode = FALSE
	EndGlobalSection
	GlobalSection(ExtensibilityGlobals) = postSolution
		SolutionGuid = {17AA9DA4-9904-4234-887B-9DA351659B40}
	EndGlobalSection
EndGlobal
